{
    "name": "wecs",
    "version": "0.0.1",
    "lockfileVersion": 3,
    "requires": true,
    "packages": {
        "": {
            "name": "wecs",
            "version": "0.0.1",
            "license": "MIT",
            "devDependencies": {
                "@types/espruino": "^1.94.10",
                "@types/node": "^24.0.10"
            }
        },
        "node_modules/@types/espruino": {
            "version": "1.94.10",
            "resolved": "https://registry.npmjs.org/@types/espruino/-/espruino-1.94.10.tgz",
            "integrity": "sha512-+rFJlVs1Weob0OnyT4UpRmnXl88t61O1bChmZaT+3AZl1xm1P1KrfZLuMnflsIBWq3FnsvC1wP0b340r6LhesQ==",
            "dev": true
        },
        "node_modules/@types/node": {
            "version": "24.0.10",
            "resolved": "https://registry.npmjs.org/@types/node/-/node-24.0.10.tgz",
            "integrity": "sha512-ENHwaH+JIRTDIEEbDK6QSQntAYGtbvdDXnMXnZaZ6k13Du1dPMmprkEHIL7ok2Wl2aZevetwTAb5S+7yIF+enA==",
            "dev": true,
            "dependencies": {
                "undici-types": "~7.8.0"
            }
        },
        "node_modules/undici-types": {
            "version": "7.8.0",
            "resolved": "https://registry.npmjs.org/undici-types/-/undici-types-7.8.0.tgz",
            "integrity": "sha512-9UJ2xGDvQ43tYyVMpuHlsgApydB8ZKfVYTsLDhXkFL/6gfkp+U8xTGdh8pMJv1SpZna0zxG1DwsKZsreLbXBxw==",
            "dev": true
        }
    }
}
